
Microsoft Visual Studio Solution File, Format Version 12.00
# Visual Studio Version 17
VisualStudioVersion = 17.7.34202.233
MinimumVisualStudioVersion = 10.0.40219.1
Project("{FAE04EC0-301F-11D3-BF4B-00C04F79EFBC}") = "SchoolData", "SchoolData\SchoolData.csproj", "{B9FE7025-B576-4E3C-94C4-5A2F8E2EC14B}"
EndProject
Project("{FAE04EC0-301F-11D3-BF4B-00C04F79EFBC}") = "NUnitProject", "NUnitProject\NUnitProject.csproj", "{8551FA65-0EB6-4661-85DE-3AFD32757434}"
EndProject
Global
	GlobalSection(SolutionConfigurationPlatforms) = preSolution
		Debug|Any CPU = Debug|Any CPU
		Release|Any CPU = Release|Any CPU
	EndGlobalSection
	GlobalSection(ProjectConfigurationPlatforms) = postSolution
		{B9FE7025-B576-4E3C-94C4-5A2F8E2EC14B}.Debug|Any CPU.ActiveCfg = Debug|Any CPU
		{B9FE7025-B576-4E3C-94C4-5A2F8E2EC14B}.Debug|Any CPU.Build.0 = Debug|Any CPU
		{B9FE7025-B576-4E3C-94C4-5A2F8E2EC14B}.Release|Any CPU.ActiveCfg = Release|Any CPU
		{B9FE7025-B576-4E3C-94C4-5A2F8E2EC14B}.Release|Any CPU.Build.0 = Release|Any CPU
		{8551FA65-0EB6-4661-85DE-3AFD32757434}.Debug|Any CPU.ActiveCfg = Debug|Any CPU
		{8551FA65-0EB6-4661-85DE-3AFD32757434}.Debug|Any CPU.Build.0 = Debug|Any CPU
		{8551FA65-0EB6-4661-85DE-3AFD32757434}.Release|Any CPU.ActiveCfg = Release|Any CPU
		{8551FA65-0EB6-4661-85DE-3AFD32757434}.Release|Any CPU.Build.0 = Release|Any CPU
	EndGlobalSection
	GlobalSection(SolutionProperties) = preSolution
		HideSolutionNode = FALSE
	EndGlobalSection
	GlobalSection(ExtensibilityGlobals) = postSolution
		SolutionGuid = {12AE6801-95CF-420F-B177-41902919838F}
	EndGlobalSection
EndGlobal
